
Microsoft Visual Studio Solution File, Format Version 12.00
# Visual Studio 15
VisualStudioVersion = 15.0.28307.902
MinimumVisualStudioVersion = 10.0.40219.1
Project("{FAE04EC0-301F-11D3-BF4B-00C04F79EFBC}") = "1712364_1712584_1712588_1712615_1712641_BT4", "Lab4\1712364_1712584_1712588_1712615_1712641_BT4.csproj", "{5828A319-B8DC-4780-9CE1-EE4C24FDDD05}"
EndProject
Global
	GlobalSection(SolutionConfigurationPlatforms) = preSolution
		Debug|Any CPU = Debug|Any CPU
		Release|Any CPU = Release|Any CPU
	EndGlobalSection
	GlobalSection(ProjectConfigurationPlatforms) = postSolution
		{5828A319-B8DC-4780-9CE1-EE4C24FDDD05}.Debug|Any CPU.ActiveCfg = Debug|Any CPU
		{5828A319-B8DC-4780-9CE1-EE4C24FDDD05}.Debug|Any CPU.Build.0 = Debug|Any CPU
		{5828A319-B8DC-4780-9CE1-EE4C24FDDD05}.Release|Any CPU.ActiveCfg = Release|Any CPU
		{5828A319-B8DC-4780-9CE1-EE4C24FDDD05}.Release|Any CPU.Build.0 = Release|Any CPU
	EndGlobalSection
	GlobalSection(SolutionProperties) = preSolution
		HideSolutionNode = FALSE
	EndGlobalSection
	GlobalSection(ExtensibilityGlobals) = postSolution
		SolutionGuid = {DA9D1981-6D53-4A61-A3A2-E3E952B59BEF}
	EndGlobalSection
EndGlobal
